// !$*UTF8*$!
{
	archiveVersion = 1;
	classes = {
	};
	objectVersion = 56;
	objects = {

/* Begin PBXBuildFile section */
		F85C096029516CB400204812 /* bold.otf in Resources */ = {isa = PBXBuildFile; fileRef = F85C095D29516C6300204812 /* bold.otf */; };
		F85C096129516CB700204812 /* bold2.otf in Resources */ = {isa = PBXBuildFile; fileRef = F85C095229516C6300204812 /* bold2.otf */; };
		F85C096229516CBB00204812 /* itabold2.otf in Resources */ = {isa = PBXBuildFile; fileRef = F85C095429516C6300204812 /* itabold2.otf */; };
		F85C096329516CBB00204812 /* italight.otf in Resources */ = {isa = PBXBuildFile; fileRef = F85C095529516C6300204812 /* italight.otf */; };
		F85C096429516CBB00204812 /* itaregular.otf in Resources */ = {isa = PBXBuildFile; fileRef = F85C095A29516C6300204812 /* itaregular.otf */; };
		F85C096529516CBB00204812 /* medium.otf in Resources */ = {isa = PBXBuildFile; fileRef = F85C095E29516C6300204812 /* medium.otf */; };
		F85C096629516CBB00204812 /* regular.otf in Resources */ = {isa = PBXBuildFile; fileRef = F85C095829516C6300204812 /* regular.otf */; };
		F85C096729516CBB00204812 /* italight2.otf in Resources */ = {isa = PBXBuildFile; fileRef = F85C095C29516C6300204812 /* italight2.otf */; };
		F85C096829516CBB00204812 /* itabold.otf in Resources */ = {isa = PBXBuildFile; fileRef = F85C095329516C6300204812 /* itabold.otf */; };
		F85C096929516CBB00204812 /* light2.otf in Resources */ = {isa = PBXBuildFile; fileRef = F85C095729516C6300204812 /* light2.otf */; };
		F85C096A29516CBB00204812 /* itabold3.otf in Resources */ = {isa = PBXBuildFile; fileRef = F85C095B29516C6300204812 /* itabold3.otf */; };
		F85C096B29516CBB00204812 /* bold3.otf in Resources */ = {isa = PBXBuildFile; fileRef = F85C095929516C6300204812 /* bold3.otf */; };
		F85C096C29516CBB00204812 /* itamedium.otf in Resources */ = {isa = PBXBuildFile; fileRef = F85C095629516C6300204812 /* itamedium.otf */; };
		F85C096D29516CBB00204812 /* light.otf in Resources */ = {isa = PBXBuildFile; fileRef = F85C095F29516C6300204812 /* light.otf */; };
		F87C995D29514D9C004D7C33 /* AppDelegate.swift in Sources */ = {isa = PBXBuildFile; fileRef = F87C995C29514D9C004D7C33 /* AppDelegate.swift */; };
		F87C995F29514D9C004D7C33 /* SceneDelegate.swift in Sources */ = {isa = PBXBuildFile; fileRef = F87C995E29514D9C004D7C33 /* SceneDelegate.swift */; };
		F87C996129514D9C004D7C33 /* ViewController.swift in Sources */ = {isa = PBXBuildFile; fileRef = F87C996029514D9C004D7C33 /* ViewController.swift */; };
		F87C996429514D9C004D7C33 /* Main.storyboard in Resources */ = {isa = PBXBuildFile; fileRef = F87C996229514D9C004D7C33 /* Main.storyboard */; };
		F87C996729514D9C004D7C33 /* DGECImoviliOS.xcdatamodeld in Sources */ = {isa = PBXBuildFile; fileRef = F87C996529514D9C004D7C33 /* DGECImoviliOS.xcdatamodeld */; };
		F87C996929514D9F004D7C33 /* Assets.xcassets in Resources */ = {isa = PBXBuildFile; fileRef = F87C996829514D9F004D7C33 /* Assets.xcassets */; };
		F87C996C29514D9F004D7C33 /* LaunchScreen.storyboard in Resources */ = {isa = PBXBuildFile; fileRef = F87C996A29514D9F004D7C33 /* LaunchScreen.storyboard */; };
		F885A4F52971DE750094EBF9 /* CreditosViewController.swift in Sources */ = {isa = PBXBuildFile; fileRef = F885A4F42971DE750094EBF9 /* CreditosViewController.swift */; };
		F885A4F72971E1260094EBF9 /* ConfiguracionViewController.swift in Sources */ = {isa = PBXBuildFile; fileRef = F885A4F62971E1260094EBF9 /* ConfiguracionViewController.swift */; };
		F885A4F92971E13C0094EBF9 /* MensajesViewController.swift in Sources */ = {isa = PBXBuildFile; fileRef = F885A4F82971E13C0094EBF9 /* MensajesViewController.swift */; };
		F885A4FC2971E1590094EBF9 /* PerfilViewController.swift in Sources */ = {isa = PBXBuildFile; fileRef = F885A4FB2971E1590094EBF9 /* PerfilViewController.swift */; };
/* End PBXBuildFile section */

/* Begin PBXFileReference section */
		F85C095229516C6300204812 /* bold2.otf */ = {isa = PBXFileReference; lastKnownFileType = file; path = bold2.otf; sourceTree = "<group>"; };
		F85C095329516C6300204812 /* itabold.otf */ = {isa = PBXFileReference; lastKnownFileType = file; path = itabold.otf; sourceTree = "<group>"; };
		F85C095429516C6300204812 /* itabold2.otf */ = {isa = PBXFileReference; lastKnownFileType = file; path = itabold2.otf; sourceTree = "<group>"; };
		F85C095529516C6300204812 /* italight.otf */ = {isa = PBXFileReference; lastKnownFileType = file; path = italight.otf; sourceTree = "<group>"; };
		F85C095629516C6300204812 /* itamedium.otf */ = {isa = PBXFileReference; lastKnownFileType = file; path = itamedium.otf; sourceTree = "<group>"; };
		F85C095729516C6300204812 /* light2.otf */ = {isa = PBXFileReference; lastKnownFileType = file; path = light2.otf; sourceTree = "<group>"; };
		F85C095829516C6300204812 /* regular.otf */ = {isa = PBXFileReference; lastKnownFileType = file; path = regular.otf; sourceTree = "<group>"; };
		F85C095929516C6300204812 /* bold3.otf */ = {isa = PBXFileReference; lastKnownFileType = file; path = bold3.otf; sourceTree = "<group>"; };
		F85C095A29516C6300204812 /* itaregular.otf */ = {isa = PBXFileReference; lastKnownFileType = file; path = itaregular.otf; sourceTree = "<group>"; };
		F85C095B29516C6300204812 /* itabold3.otf */ = {isa = PBXFileReference; lastKnownFileType = file; path = itabold3.otf; sourceTree = "<group>"; };
		F85C095C29516C6300204812 /* italight2.otf */ = {isa = PBXFileReference; lastKnownFileType = file; path = italight2.otf; sourceTree = "<group>"; };
		F85C095D29516C6300204812 /* bold.otf */ = {isa = PBXFileReference; lastKnownFileType = file; path = bold.otf; sourceTree = "<group>"; };
		F85C095E29516C6300204812 /* medium.otf */ = {isa = PBXFileReference; lastKnownFileType = file; path = medium.otf; sourceTree = "<group>"; };
		F85C095F29516C6300204812 /* light.otf */ = {isa = PBXFileReference; lastKnownFileType = file; path = light.otf; sourceTree = "<group>"; };
		F87C995929514D9C004D7C33 /* DGECImoviliOS.app */ = {isa = PBXFileReference; explicitFileType = wrapper.application; includeInIndex = 0; path = DGECImoviliOS.app; sourceTree = BUILT_PRODUCTS_DIR; };
		F87C995C29514D9C004D7C33 /* AppDelegate.swift */ = {isa = PBXFileReference; lastKnownFileType = sourcecode.swift; path = AppDelegate.swift; sourceTree = "<group>"; };
		F87C995E29514D9C004D7C33 /* SceneDelegate.swift */ = {isa = PBXFileReference; lastKnownFileType = sourcecode.swift; path = SceneDelegate.swift; sourceTree = "<group>"; };
		F87C996029514D9C004D7C33 /* ViewController.swift */ = {isa = PBXFileReference; lastKnownFileType = sourcecode.swift; path = ViewController.swift; sourceTree = "<group>"; };
		F87C996329514D9C004D7C33 /* Base */ = {isa = PBXFileReference; lastKnownFileType = file.storyboard; name = Base; path = Base.lproj/Main.storyboard; sourceTree = "<group>"; };
		F87C996629514D9C004D7C33 /* DGECImoviliOS.xcdatamodel */ = {isa = PBXFileReference; lastKnownFileType = wrapper.xcdatamodel; path = DGECImoviliOS.xcdatamodel; sourceTree = "<group>"; };
		F87C996829514D9F004D7C33 /* Assets.xcassets */ = {isa = PBXFileReference; lastKnownFileType = folder.assetcatalog; path = Assets.xcassets; sourceTree = "<group>"; };
		F87C996B29514D9F004D7C33 /* Base */ = {isa = PBXFileReference; lastKnownFileType = file.storyboard; name = Base; path = Base.lproj/LaunchScreen.storyboard; sourceTree = "<group>"; };
		F87C996D29514D9F004D7C33 /* Info.plist */ = {isa = PBXFileReference; lastKnownFileType = text.plist.xml; path = Info.plist; sourceTree = "<group>"; };
		F885A4F42971DE750094EBF9 /* CreditosViewController.swift */ = {isa = PBXFileReference; lastKnownFileType = sourcecode.swift; path = CreditosViewController.swift; sourceTree = "<group>"; };
		F885A4F62971E1260094EBF9 /* ConfiguracionViewController.swift */ = {isa = PBXFileReference; lastKnownFileType = sourcecode.swift; path = ConfiguracionViewController.swift; sourceTree = "<group>"; };
		F885A4F82971E13C0094EBF9 /* MensajesViewController.swift */ = {isa = PBXFileReference; lastKnownFileType = sourcecode.swift; path = MensajesViewController.swift; sourceTree = "<group>"; };
		F885A4FB2971E1590094EBF9 /* PerfilViewController.swift */ = {isa = PBXFileReference; lastKnownFileType = sourcecode.swift; path = PerfilViewController.swift; sourceTree = "<group>"; };
/* End PBXFileReference section */

/* Begin PBXFrameworksBuildPhase section */
		F87C995629514D9C004D7C33 /* Frameworks */ = {
			isa = PBXFrameworksBuildPhase;
			buildActionMask = 2147483647;
			files = (
			);
			runOnlyForDeploymentPostprocessing = 0;
		};
/* End PBXFrameworksBuildPhase section */

/* Begin PBXGroup section */
		F85C095129516BDE00204812 /* Fonts */ = {
			isa = PBXGroup;
			children = (
				F85C095D29516C6300204812 /* bold.otf */,
				F85C095229516C6300204812 /* bold2.otf */,
				F85C095929516C6300204812 /* bold3.otf */,
				F85C095329516C6300204812 /* itabold.otf */,
				F85C095429516C6300204812 /* itabold2.otf */,
				F85C095B29516C6300204812 /* itabold3.otf */,
				F85C095529516C6300204812 /* italight.otf */,
				F85C095C29516C6300204812 /* italight2.otf */,
				F85C095629516C6300204812 /* itamedium.otf */,
				F85C095A29516C6300204812 /* itaregular.otf */,
				F85C095F29516C6300204812 /* light.otf */,
				F85C095729516C6300204812 /* light2.otf */,
				F85C095E29516C6300204812 /* medium.otf */,
				F85C095829516C6300204812 /* regular.otf */,
			);
			path = Fonts;
			sourceTree = "<group>";
		};
		F87C995029514D9C004D7C33 = {
			isa = PBXGroup;
			children = (
				F87C995B29514D9C004D7C33 /* DGECImoviliOS */,
				F87C995A29514D9C004D7C33 /* Products */,
			);
			sourceTree = "<group>";
		};
		F87C995A29514D9C004D7C33 /* Products */ = {
			isa = PBXGroup;
			children = (
				F87C995929514D9C004D7C33 /* DGECImoviliOS.app */,
			);
			name = Products;
			sourceTree = "<group>";
		};
		F87C995B29514D9C004D7C33 /* DGECImoviliOS */ = {
			isa = PBXGroup;
			children = (
				F885A4F32971DE4A0094EBF9 /* Controller */,
				F85C095129516BDE00204812 /* Fonts */,
				F87C995C29514D9C004D7C33 /* AppDelegate.swift */,
				F87C995E29514D9C004D7C33 /* SceneDelegate.swift */,
				F87C996229514D9C004D7C33 /* Main.storyboard */,
				F87C996829514D9F004D7C33 /* Assets.xcassets */,
				F87C996A29514D9F004D7C33 /* LaunchScreen.storyboard */,
				F87C996D29514D9F004D7C33 /* Info.plist */,
				F87C996529514D9C004D7C33 /* DGECImoviliOS.xcdatamodeld */,
			);
			path = DGECImoviliOS;
			sourceTree = "<group>";
		};
		F885A4F32971DE4A0094EBF9 /* Controller */ = {
			isa = PBXGroup;
			children = (
				F87C996029514D9C004D7C33 /* ViewController.swift */,
				F885A4F42971DE750094EBF9 /* CreditosViewController.swift */,
				F885A4F62971E1260094EBF9 /* ConfiguracionViewController.swift */,
				F885A4F82971E13C0094EBF9 /* MensajesViewController.swift */,
				F885A4FB2971E1590094EBF9 /* PerfilViewController.swift */,
			);
			path = Controller;
			sourceTree = "<group>";
		};
/* End PBXGroup section */

/* Begin PBXNativeTarget section */
		F87C995829514D9C004D7C33 /* DGECImoviliOS */ = {
			isa = PBXNativeTarget;
			buildConfigurationList = F87C997029514D9F004D7C33 /* Build configuration list for PBXNativeTarget "DGECImoviliOS" */;
			buildPhases = (
				F87C995529514D9C004D7C33 /* Sources */,
				F87C995629514D9C004D7C33 /* Frameworks */,
				F87C995729514D9C004D7C33 /* Resources */,
			);
			buildRules = (
			);
			dependencies = (
			);
			name = DGECImoviliOS;
			productName = DGECImoviliOS;
			productReference = F87C995929514D9C004D7C33 /* DGECImoviliOS.app */;
			productType = "com.apple.product-type.application";
		};
/* End PBXNativeTarget section */

/* Begin PBXProject section */
		F87C995129514D9C004D7C33 /* Project object */ = {
			isa = PBXProject;
			attributes = {
				BuildIndependentTargetsInParallel = 1;
				LastSwiftUpdateCheck = 1420;
				LastUpgradeCheck = 1420;
				TargetAttributes = {
					F87C995829514D9C004D7C33 = {
						CreatedOnToolsVersion = 14.2;
					};
				};
			};
			buildConfigurationList = F87C995429514D9C004D7C33 /* Build configuration list for PBXProject "DGECImoviliOS" */;
			compatibilityVersion = "Xcode 14.0";
			developmentRegion = en;
			hasScannedForEncodings = 0;
			knownRegions = (
				en,
				Base,
			);
			mainGroup = F87C995029514D9C004D7C33;
			productRefGroup = F87C995A29514D9C004D7C33 /* Products */;
			projectDirPath = "";
			projectRoot = "";
			targets = (
				F87C995829514D9C004D7C33 /* DGECImoviliOS */,
			);
		};
/* End PBXProject section */

/* Begin PBXResourcesBuildPhase section */
		F87C995729514D9C004D7C33 /* Resources */ = {
			isa = PBXResourcesBuildPhase;
			buildActionMask = 2147483647;
			files = (
				F85C096229516CBB00204812 /* itabold2.otf in Resources */,
				F85C096029516CB400204812 /* bold.otf in Resources */,
				F85C096B29516CBB00204812 /* bold3.otf in Resources */,
				F85C096C29516CBB00204812 /* itamedium.otf in Resources */,
				F87C996C29514D9F004D7C33 /* LaunchScreen.storyboard in Resources */,
				F87C996929514D9F004D7C33 /* Assets.xcassets in Resources */,
				F87C996429514D9C004D7C33 /* Main.storyboard in Resources */,
				F85C096829516CBB00204812 /* itabold.otf in Resources */,
				F85C096729516CBB00204812 /* italight2.otf in Resources */,
				F85C096529516CBB00204812 /* medium.otf in Resources */,
				F85C096629516CBB00204812 /* regular.otf in Resources */,
				F85C096429516CBB00204812 /* itaregular.otf in Resources */,
				F85C096129516CB700204812 /* bold2.otf in Resources */,
				F85C096A29516CBB00204812 /* itabold3.otf in Resources */,
				F85C096329516CBB00204812 /* italight.otf in Resources */,
				F85C096D29516CBB00204812 /* light.otf in Resources */,
				F85C096929516CBB00204812 /* light2.otf in Resources */,
			);
			runOnlyForDeploymentPostprocessing = 0;
		};
/* End PBXResourcesBuildPhase section */

/* Begin PBXSourcesBuildPhase section */
		F87C995529514D9C004D7C33 /* Sources */ = {
			isa = PBXSourcesBuildPhase;
			buildActionMask = 2147483647;
			files = (
				F885A4F72971E1260094EBF9 /* ConfiguracionViewController.swift in Sources */,
				F87C996729514D9C004D7C33 /* DGECImoviliOS.xcdatamodeld in Sources */,
				F87C996129514D9C004D7C33 /* ViewController.swift in Sources */,
				F87C995D29514D9C004D7C33 /* AppDelegate.swift in Sources */,
				F87C995F29514D9C004D7C33 /* SceneDelegate.swift in Sources */,
				F885A4F92971E13C0094EBF9 /* MensajesViewController.swift in Sources */,
				F885A4FC2971E1590094EBF9 /* PerfilViewController.swift in Sources */,
				F885A4F52971DE750094EBF9 /* CreditosViewController.swift in Sources */,
			);
			runOnlyForDeploymentPostprocessing = 0;
		};
/* End PBXSourcesBuildPhase section */

/* Begin PBXVariantGroup section */
		F87C996229514D9C004D7C33 /* Main.storyboard */ = {
			isa = PBXVariantGroup;
			children = (
				F87C996329514D9C004D7C33 /* Base */,
			);
			name = Main.storyboard;
			sourceTree = "<group>";
		};
		F87C996A29514D9F004D7C33 /* LaunchScreen.storyboard */ = {
			isa = PBXVariantGroup;
			children = (
				F87C996B29514D9F004D7C33 /* Base */,
			);
			name = LaunchScreen.storyboard;
			sourceTree = "<group>";
		};
/* End PBXVariantGroup section */

/* Begin XCBuildConfiguration section */
		F87C996E29514D9F004D7C33 /* Debug */ = {
			isa = XCBuildConfiguration;
			buildSettings = {
				ALWAYS_SEARCH_USER_PATHS = NO;
				CLANG_ANALYZER_NONNULL = YES;
				CLANG_ANALYZER_NUMBER_OBJECT_CONVERSION = YES_AGGRESSIVE;
				CLANG_CXX_LANGUAGE_STANDARD = "gnu++20";
				CLANG_ENABLE_MODULES = YES;
				CLANG_ENABLE_OBJC_ARC = YES;
				CLANG_ENABLE_OBJC_WEAK = YES;
				CLANG_WARN_BLOCK_CAPTURE_AUTORELEASING = YES;
				CLANG_WARN_BOOL_CONVERSION = YES;
				CLANG_WARN_COMMA = YES;
				CLANG_WARN_CONSTANT_CONVERSION = YES;
				CLANG_WARN_DEPRECATED_OBJC_IMPLEMENTATIONS = YES;
				CLANG_WARN_DIRECT_OBJC_ISA_USAGE = YES_ERROR;
				CLANG_WARN_DOCUMENTATION_COMMENTS = YES;
				CLANG_WARN_EMPTY_BODY = YES;
				CLANG_WARN_ENUM_CONVERSION = YES;
				CLANG_WARN_INFINITE_RECURSION = YES;
				CLANG_WARN_INT_CONVERSION = YES;
				CLANG_WARN_NON_LITERAL_NULL_CONVERSION = YES;
				CLANG_WARN_OBJC_IMPLICIT_RETAIN_SELF = YES;
				CLANG_WARN_OBJC_LITERAL_CONVERSION = YES;
				CLANG_WARN_OBJC_ROOT_CLASS = YES_ERROR;
				CLANG_WARN_QUOTED_INCLUDE_IN_FRAMEWORK_HEADER = YES;
				CLANG_WARN_RANGE_LOOP_ANALYSIS = YES;
				CLANG_WARN_STRICT_PROTOTYPES = YES;
				CLANG_WARN_SUSPICIOUS_MOVE = YES;
				CLANG_WARN_UNGUARDED_AVAILABILITY = YES_AGGRESSIVE;
				CLANG_WARN_UNREACHABLE_CODE = YES;
				CLANG_WARN__DUPLICATE_METHOD_MATCH = YES;
				COPY_PHASE_STRIP = NO;
				DEBUG_INFORMATION_FORMAT = dwarf;
				ENABLE_STRICT_OBJC_MSGSEND = YES;
				ENABLE_TESTABILITY = YES;
				GCC_C_LANGUAGE_STANDARD = gnu11;
				GCC_DYNAMIC_NO_PIC = NO;
				GCC_NO_COMMON_BLOCKS = YES;
				GCC_OPTIMIZATION_LEVEL = 0;
				GCC_PREPROCESSOR_DEFINITIONS = (
					"DEBUG=1",
					"$(inherited)",
				);
				GCC_WARN_64_TO_32_BIT_CONVERSION = YES;
				GCC_WARN_ABOUT_RETURN_TYPE = YES_ERROR;
				GCC_WARN_UNDECLARED_SELECTOR = YES;
				GCC_WARN_UNINITIALIZED_AUTOS = YES_AGGRESSIVE;
				GCC_WARN_UNUSED_FUNCTION = YES;
				GCC_WARN_UNUSED_VARIABLE = YES;
				IPHONEOS_DEPLOYMENT_TARGET = 16.2;
				MTL_ENABLE_DEBUG_INFO = INCLUDE_SOURCE;
				MTL_FAST_MATH = YES;
				ONLY_ACTIVE_ARCH = YES;
				SDKROOT = iphoneos;
				SWIFT_ACTIVE_COMPILATION_CONDITIONS = DEBUG;
				SWIFT_OPTIMIZATION_LEVEL = "-Onone";
			};
			name = Debug;
		};
		F87C996F29514D9F004D7C33 /* Release */ = {
			isa = XCBuildConfiguration;
			buildSettings = {
				ALWAYS_SEARCH_USER_PATHS = NO;
				CLANG_ANALYZER_NONNULL = YES;
				CLANG_ANALYZER_NUMBER_OBJECT_CONVERSION = YES_AGGRESSIVE;
				CLANG_CXX_LANGUAGE_STANDARD = "gnu++20";
				CLANG_ENABLE_MODULES = YES;
				CLANG_ENABLE_OBJC_ARC = YES;
				CLANG_ENABLE_OBJC_WEAK = YES;
				CLANG_WARN_BLOCK_CAPTURE_AUTORELEASING = YES;
				CLANG_WARN_BOOL_CONVERSION = YES;
				CLANG_WARN_COMMA = YES;
				CLANG_WARN_CONSTANT_CONVERSION = YES;
				CLANG_WARN_DEPRECATED_OBJC_IMPLEMENTATIONS = YES;
				CLANG_WARN_DIRECT_OBJC_ISA_USAGE = YES_ERROR;
				CLANG_WARN_DOCUMENTATION_COMMENTS = YES;
				CLANG_WARN_EMPTY_BODY = YES;
				CLANG_WARN_ENUM_CONVERSION = YES;
				CLANG_WARN_INFINITE_RECURSION = YES;
				CLANG_WARN_INT_CONVERSION = YES;
				CLANG_WARN_NON_LITERAL_NULL_CONVERSION = YES;
				CLANG_WARN_OBJC_IMPLICIT_RETAIN_SELF = YES;
				CLANG_WARN_OBJC_LITERAL_CONVERSION = YES;
				CLANG_WARN_OBJC_ROOT_CLASS = YES_ERROR;
				CLANG_WARN_QUOTED_INCLUDE_IN_FRAMEWORK_HEADER = YES;
				CLANG_WARN_RANGE_LOOP_ANALYSIS = YES;
				CLANG_WARN_STRICT_PROTOTYPES = YES;
				CLANG_WARN_SUSPICIOUS_MOVE = YES;
				CLANG_WARN_UNGUARDED_AVAILABILITY = YES_AGGRESSIVE;
				CLANG_WARN_UNREACHABLE_CODE = YES;
				CLANG_WARN__DUPLICATE_METHOD_MATCH = YES;
				COPY_PHASE_STRIP = NO;
				DEBUG_INFORMATION_FORMAT = "dwarf-with-dsym";
				ENABLE_NS_ASSERTIONS = NO;
				ENABLE_STRICT_OBJC_MSGSEND = YES;
				GCC_C_LANGUAGE_STANDARD = gnu11;
				GCC_NO_COMMON_BLOCKS = YES;
				GCC_WARN_64_TO_32_BIT_CONVERSION = YES;
				GCC_WARN_ABOUT_RETURN_TYPE = YES_ERROR;
				GCC_WARN_UNDECLARED_SELECTOR = YES;
				GCC_WARN_UNINITIALIZED_AUTOS = YES_AGGRESSIVE;
				GCC_WARN_UNUSED_FUNCTION = YES;
				GCC_WARN_UNUSED_VARIABLE = YES;
				IPHONEOS_DEPLOYMENT_TARGET = 16.2;
				MTL_ENABLE_DEBUG_INFO = NO;
				MTL_FAST_MATH = YES;
				SDKROOT = iphoneos;
				SWIFT_COMPILATION_MODE = wholemodule;
				SWIFT_OPTIMIZATION_LEVEL = "-O";
				VALIDATE_PRODUCT = YES;
			};
			name = Release;
		};
		F87C997129514D9F004D7C33 /* Debug */ = {
			isa = XCBuildConfiguration;
			buildSettings = {
				ASSETCATALOG_COMPILER_APPICON_NAME = AppIcon;
				ASSETCATALOG_COMPILER_GLOBAL_ACCENT_COLOR_NAME = AccentColor;
				CODE_SIGN_STYLE = Automatic;
				CURRENT_PROJECT_VERSION = 1;
				DEVELOPMENT_TEAM = CY9D5ZUS5U;
				GENERATE_INFOPLIST_FILE = YES;
				INFOPLIST_FILE = DGECImoviliOS/Info.plist;
				INFOPLIST_KEY_UIApplicationSupportsIndirectInputEvents = YES;
				INFOPLIST_KEY_UILaunchStoryboardName = LaunchScreen;
				INFOPLIST_KEY_UIMainStoryboardFile = Main;
				INFOPLIST_KEY_UISupportedInterfaceOrientations_iPad = "UIInterfaceOrientationPortrait UIInterfaceOrientationPortraitUpsideDown UIInterfaceOrientationLandscapeLeft UIInterfaceOrientationLandscapeRight";
				INFOPLIST_KEY_UISupportedInterfaceOrientations_iPhone = "UIInterfaceOrientationPortrait UIInterfaceOrientationLandscapeLeft UIInterfaceOrientationLandscapeRight";
				LD_RUNPATH_SEARCH_PATHS = (
					"$(inherited)",
					"@executable_path/Frameworks",
				);
				MARKETING_VERSION = 1.0;
				PRODUCT_BUNDLE_IDENTIFIER = mx.unam.unaminternacional.DGECImoviliOS;
				PRODUCT_NAME = "$(TARGET_NAME)";
				SWIFT_EMIT_LOC_STRINGS = YES;
				SWIFT_VERSION = 5.0;
				TARGETED_DEVICE_FAMILY = "1,2";
			};
			name = Debug;
		};
		F87C997229514D9F004D7C33 /* Release */ = {
			isa = XCBuildConfiguration;
			buildSettings = {
				ASSETCATALOG_COMPILER_APPICON_NAME = AppIcon;
				ASSETCATALOG_COMPILER_GLOBAL_ACCENT_COLOR_NAME = AccentColor;
				CODE_SIGN_STYLE = Automatic;
				CURRENT_PROJECT_VERSION = 1;
				DEVELOPMENT_TEAM = CY9D5ZUS5U;
				GENERATE_INFOPLIST_FILE = YES;
				INFOPLIST_FILE = DGECImoviliOS/Info.plist;
				INFOPLIST_KEY_UIApplicationSupportsIndirectInputEvents = YES;
				INFOPLIST_KEY_UILaunchStoryboardName = LaunchScreen;
				INFOPLIST_KEY_UIMainStoryboardFile = Main;
				INFOPLIST_KEY_UISupportedInterfaceOrientations_iPad = "UIInterfaceOrientationPortrait UIInterfaceOrientationPortraitUpsideDown UIInterfaceOrientationLandscapeLeft UIInterfaceOrientationLandscapeRight";
				INFOPLIST_KEY_UISupportedInterfaceOrientations_iPhone = "UIInterfaceOrientationPortrait UIInterfaceOrientationLandscapeLeft UIInterfaceOrientationLandscapeRight";
				LD_RUNPATH_SEARCH_PATHS = (
					"$(inherited)",
					"@executable_path/Frameworks",
				);
				MARKETING_VERSION = 1.0;
				PRODUCT_BUNDLE_IDENTIFIER = mx.unam.unaminternacional.DGECImoviliOS;
				PRODUCT_NAME = "$(TARGET_NAME)";
				SWIFT_EMIT_LOC_STRINGS = YES;
				SWIFT_VERSION = 5.0;
				TARGETED_DEVICE_FAMILY = "1,2";
			};
			name = Release;
		};
/* End XCBuildConfiguration section */

/* Begin XCConfigurationList section */
		F87C995429514D9C004D7C33 /* Build configuration list for PBXProject "DGECImoviliOS" */ = {
			isa = XCConfigurationList;
			buildConfigurations = (
				F87C996E29514D9F004D7C33 /* Debug */,
				F87C996F29514D9F004D7C33 /* Release */,
			);
			defaultConfigurationIsVisible = 0;
			defaultConfigurationName = Release;
		};
		F87C997029514D9F004D7C33 /* Build configuration list for PBXNativeTarget "DGECImoviliOS" */ = {
			isa = XCConfigurationList;
			buildConfigurations = (
				F87C997129514D9F004D7C33 /* Debug */,
				F87C997229514D9F004D7C33 /* Release */,
			);
			defaultConfigurationIsVisible = 0;
			defaultConfigurationName = Release;
		};
/* End XCConfigurationList section */

/* Begin XCVersionGroup section */
		F87C996529514D9C004D7C33 /* DGECImoviliOS.xcdatamodeld */ = {
			isa = XCVersionGroup;
			children = (
				F87C996629514D9C004D7C33 /* DGECImoviliOS.xcdatamodel */,
			);
			currentVersion = F87C996629514D9C004D7C33 /* DGECImoviliOS.xcdatamodel */;
			path = DGECImoviliOS.xcdatamodeld;
			sourceTree = "<group>";
			versionGroupType = wrapper.xcdatamodel;
		};
/* End XCVersionGroup section */
	};
	rootObject = F87C995129514D9C004D7C33 /* Project object */;
}
